
Microsoft Visual Studio Solution File, Format Version 12.00
# Visual Studio Version 17
VisualStudioVersion = 17.3.32929.385
MinimumVisualStudioVersion = 10.0.40219.1
Project("{FAE04EC0-301F-11D3-BF4B-00C04F79EFBC}") = "WarehouseApp", "WarehouseApp\WarehouseApp.csproj", "{0B197039-6B93-4C91-93F2-F81760385BCE}"
EndProject
Global
	GlobalSection(SolutionConfigurationPlatforms) = preSolution
		Debug|Any CPU = Debug|Any CPU
		Release|Any CPU = Release|Any CPU
	EndGlobalSection
	GlobalSection(ProjectConfigurationPlatforms) = postSolution
		{0B197039-6B93-4C91-93F2-F81760385BCE}.Debug|Any CPU.ActiveCfg = Debug|Any CPU
		{0B197039-6B93-4C91-93F2-F81760385BCE}.Debug|Any CPU.Build.0 = Debug|Any CPU
		{0B197039-6B93-4C91-93F2-F81760385BCE}.Release|Any CPU.ActiveCfg = Release|Any CPU
		{0B197039-6B93-4C91-93F2-F81760385BCE}.Release|Any CPU.Build.0 = Release|Any CPU
	EndGlobalSection
	GlobalSection(SolutionProperties) = preSolution
		HideSolutionNode = FALSE
	EndGlobalSection
	GlobalSection(ExtensibilityGlobals) = postSolution
		SolutionGuid = {511473DD-0E40-42FC-95AD-96AD2704AB2F}
	EndGlobalSection
EndGlobal
